{
  "name": "Portfolio",
  "lockfileVersion": 2,
  "requires": true,
  "packages": {
    "": {
      "dependencies": {
        "js-library-detector": "^6.5.0"
      }
    },
    "node_modules/js-library-detector": {
      "version": "6.5.0",
      "resolved": "https://registry.npmjs.org/js-library-detector/-/js-library-detector-6.5.0.tgz",
      "integrity": "sha512-Kq7VckJ5kb26kHMAu1sDO8t2qr7M5Uw6Gf7fVGtu1YceoHdqTcobwnB5kStcktusPuPmiCE8PbCaiLzhiBsSAw==",
      "engines": {
        "node": ">=12"
      }
    }
  },
  "dependencies": {
    "js-library-detector": {
      "version": "6.5.0",
      "resolved": "https://registry.npmjs.org/js-library-detector/-/js-library-detector-6.5.0.tgz",
      "integrity": "sha512-Kq7VckJ5kb26kHMAu1sDO8t2qr7M5Uw6Gf7fVGtu1YceoHdqTcobwnB5kStcktusPuPmiCE8PbCaiLzhiBsSAw=="
    }
  }
}
